
Microsoft Visual Studio Solution File, Format Version 12.00
# Visual Studio Version 16
VisualStudioVersion = 16.0.32802.440
MinimumVisualStudioVersion = 10.0.40219.1
Project("{FAE04EC0-301F-11D3-BF4B-00C04F79EFBC}") = "MLC Filter", "MLC Filter.csproj", "{5A1BB603-9482-4DC4-8C9E-BA755C076217}"
EndProject
Global
	GlobalSection(SolutionConfigurationPlatforms) = preSolution
		Debug|Any CPU = Debug|Any CPU
		Release|Any CPU = Release|Any CPU
	EndGlobalSection
	GlobalSection(ProjectConfigurationPlatforms) = postSolution
		{5A1BB603-9482-4DC4-8C9E-BA755C076217}.Debug|Any CPU.ActiveCfg = Debug|Any CPU
		{5A1BB603-9482-4DC4-8C9E-BA755C076217}.Debug|Any CPU.Build.0 = Debug|Any CPU
		{5A1BB603-9482-4DC4-8C9E-BA755C076217}.Release|Any CPU.ActiveCfg = Release|Any CPU
		{5A1BB603-9482-4DC4-8C9E-BA755C076217}.Release|Any CPU.Build.0 = Release|Any CPU
	EndGlobalSection
	GlobalSection(SolutionProperties) = preSolution
		HideSolutionNode = FALSE
	EndGlobalSection
	GlobalSection(ExtensibilityGlobals) = postSolution
		SolutionGuid = {F56C8B4F-C7BE-4746-AB5E-91270CA1F97F}
	EndGlobalSection
EndGlobal
